
Microsoft Visual Studio Solution File, Format Version 12.00
Project("{FAE04EC0-301F-11D3-BF4B-00C04F79EFBC}") = "BulkyBookWeb", "BulkyBookWeb\BulkyBookWeb.csproj", "{9AC3E0D2-5A41-4AD6-898C-0D9A1027EBF8}"
EndProject
Project("{FAE04EC0-301F-11D3-BF4B-00C04F79EFBC}") = "BulkyBook.DataAccess", "BulkyBook.DataAccess\BulkyBook.DataAccess.csproj", "{3F53F2C0-E15D-4493-9B71-0750D5A492FC}"
EndProject
Project("{FAE04EC0-301F-11D3-BF4B-00C04F79EFBC}") = "BulkyBook.Business", "BulkyBook.Business\BulkyBook.Business.csproj", "{C433A8BA-302A-4047-9CB4-4EF57636B27F}"
EndProject
Project("{FAE04EC0-301F-11D3-BF4B-00C04F79EFBC}") = "BulkyBook.Models", "BulkyBook.Models\BulkyBook.Models.csproj", "{0695A6A7-9641-4227-A8D2-7B029347C24E}"
EndProject
Project("{FAE04EC0-301F-11D3-BF4B-00C04F79EFBC}") = "BulkyBook.Utility", "BulkyBook.Utility\BulkyBook.Utility.csproj", "{ED67571F-DFF3-4D5E-AA0B-E412D6D5ECAF}"
EndProject
Global
	GlobalSection(SolutionConfigurationPlatforms) = preSolution
		Debug|Any CPU = Debug|Any CPU
		Release|Any CPU = Release|Any CPU
	EndGlobalSection
	GlobalSection(ProjectConfigurationPlatforms) = postSolution
		{9AC3E0D2-5A41-4AD6-898C-0D9A1027EBF8}.Debug|Any CPU.ActiveCfg = Debug|Any CPU
		{9AC3E0D2-5A41-4AD6-898C-0D9A1027EBF8}.Debug|Any CPU.Build.0 = Debug|Any CPU
		{9AC3E0D2-5A41-4AD6-898C-0D9A1027EBF8}.Release|Any CPU.ActiveCfg = Release|Any CPU
		{9AC3E0D2-5A41-4AD6-898C-0D9A1027EBF8}.Release|Any CPU.Build.0 = Release|Any CPU
		{3F53F2C0-E15D-4493-9B71-0750D5A492FC}.Debug|Any CPU.ActiveCfg = Debug|Any CPU
		{3F53F2C0-E15D-4493-9B71-0750D5A492FC}.Debug|Any CPU.Build.0 = Debug|Any CPU
		{3F53F2C0-E15D-4493-9B71-0750D5A492FC}.Release|Any CPU.ActiveCfg = Release|Any CPU
		{3F53F2C0-E15D-4493-9B71-0750D5A492FC}.Release|Any CPU.Build.0 = Release|Any CPU
		{C433A8BA-302A-4047-9CB4-4EF57636B27F}.Debug|Any CPU.ActiveCfg = Debug|Any CPU
		{C433A8BA-302A-4047-9CB4-4EF57636B27F}.Debug|Any CPU.Build.0 = Debug|Any CPU
		{C433A8BA-302A-4047-9CB4-4EF57636B27F}.Release|Any CPU.ActiveCfg = Release|Any CPU
		{C433A8BA-302A-4047-9CB4-4EF57636B27F}.Release|Any CPU.Build.0 = Release|Any CPU
		{0695A6A7-9641-4227-A8D2-7B029347C24E}.Debug|Any CPU.ActiveCfg = Debug|Any CPU
		{0695A6A7-9641-4227-A8D2-7B029347C24E}.Debug|Any CPU.Build.0 = Debug|Any CPU
		{0695A6A7-9641-4227-A8D2-7B029347C24E}.Release|Any CPU.ActiveCfg = Release|Any CPU
		{0695A6A7-9641-4227-A8D2-7B029347C24E}.Release|Any CPU.Build.0 = Release|Any CPU
		{ED67571F-DFF3-4D5E-AA0B-E412D6D5ECAF}.Debug|Any CPU.ActiveCfg = Debug|Any CPU
		{ED67571F-DFF3-4D5E-AA0B-E412D6D5ECAF}.Debug|Any CPU.Build.0 = Debug|Any CPU
		{ED67571F-DFF3-4D5E-AA0B-E412D6D5ECAF}.Release|Any CPU.ActiveCfg = Release|Any CPU
		{ED67571F-DFF3-4D5E-AA0B-E412D6D5ECAF}.Release|Any CPU.Build.0 = Release|Any CPU
	EndGlobalSection
EndGlobal
